# THIS IS AN AUTOGENERATED FILE. DO NOT EDIT THIS FILE DIRECTLY.
# yarn lockfile v1


"@types/eventemitter2@^4.1.0":
  version "4.1.0"
  resolved "https://registry.yarnpkg.com/@types/eventemitter2/-/eventemitter2-4.1.0.tgz#090b4a67f25aa0fc087c8f2403e46f5ccc3fdfbc"
  integrity sha512-IyrCYFL+FakW3gVd/x2b0QIpcVrdgcNCkj985xoBVinc0rNwoV87IbBx7KlS5aP+bx7uIZxVypLCiSwmI4jZrg==
  dependencies:
    eventemitter2 "*"

eventemitter2@*, eventemitter2@^6.0.0:
  version "6.0.0"
  resolved "https://registry.yarnpkg.com/eventemitter2/-/eventemitter2-6.0.0.tgz#218eb512c3603c5341724b6af7b686a1aa5ab8f5"
  integrity sha512-ZuNWHD7S7IoikyEmx35vPU8H1W0L+oi644+4mSTg7nwXvBQpIwQL7DPjYUF0VMB0jPkNMo3MqD07E7MYrkFmjQ==

typescript@^3.8.2:
  version "3.8.2"
  resolved "https://registry.yarnpkg.com/typescript/-/typescript-3.8.2.tgz#91d6868aaead7da74f493c553aeff76c0c0b1d5a"
  integrity sha512-EgOVgL/4xfVrCMbhYKUQTdF37SQn4Iw73H5BgCrF1Abdun7Kwy/QZsE/ssAy0y4LxBbvua3PIbFsbRczWWnDdQ==
